
Microsoft Visual Studio Solution File, Format Version 12.00
# Visual Studio 2012
Project("{FAE04EC0-301F-11D3-BF4B-00C04F79EFBC}") = "Battleships", "battleships\Battleships.csproj", "{AC5B5163-E1B0-4B3A-AD13-DC1B22638DC0}"
EndProject
Global
	GlobalSection(SolutionConfigurationPlatforms) = preSolution
		Debug-Mac|x86 = Debug-Mac|x86
		Debug-Unix|x86 = Debug-Unix|x86
		Debug-Windows|x86 = Debug-Windows|x86
		Release-Mac|x86 = Release-Mac|x86
		Release-Unix|x86 = Release-Unix|x86
		Release-Windows|x86 = Release-Windows|x86
	EndGlobalSection
	GlobalSection(ProjectConfigurationPlatforms) = postSolution
		{AC5B5163-E1B0-4B3A-AD13-DC1B22638DC0}.Debug-Mac|x86.ActiveCfg = Debug-Windows|x86
		{AC5B5163-E1B0-4B3A-AD13-DC1B22638DC0}.Debug-Mac|x86.Build.0 = Debug-Windows|x86
		{AC5B5163-E1B0-4B3A-AD13-DC1B22638DC0}.Debug-Unix|x86.ActiveCfg = Debug-Unix|x86
		{AC5B5163-E1B0-4B3A-AD13-DC1B22638DC0}.Debug-Unix|x86.Build.0 = Debug-Unix|x86
		{AC5B5163-E1B0-4B3A-AD13-DC1B22638DC0}.Debug-Windows|x86.ActiveCfg = Debug-Windows|x86
		{AC5B5163-E1B0-4B3A-AD13-DC1B22638DC0}.Debug-Windows|x86.Build.0 = Debug-Windows|x86
		{AC5B5163-E1B0-4B3A-AD13-DC1B22638DC0}.Release-Mac|x86.ActiveCfg = Release-Mac|x86
		{AC5B5163-E1B0-4B3A-AD13-DC1B22638DC0}.Release-Mac|x86.Build.0 = Release-Mac|x86
		{AC5B5163-E1B0-4B3A-AD13-DC1B22638DC0}.Release-Unix|x86.ActiveCfg = Release-Unix|x86
		{AC5B5163-E1B0-4B3A-AD13-DC1B22638DC0}.Release-Unix|x86.Build.0 = Release-Unix|x86
		{AC5B5163-E1B0-4B3A-AD13-DC1B22638DC0}.Release-Windows|x86.ActiveCfg = Release-Windows|x86
		{AC5B5163-E1B0-4B3A-AD13-DC1B22638DC0}.Release-Windows|x86.Build.0 = Release-Windows|x86
	EndGlobalSection
	GlobalSection(MonoDevelopProperties) = preSolution
		Policies = $0
		$0.DotNetNamingPolicy = $1
		$1.DirectoryNamespaceAssociation = None
		$1.ResourceNamePolicy = FileFormatDefault
		$0.TextStylePolicy = $2
		$2.inheritsSet = null
		$2.scope = text/x-csharp
		$0.CSharpFormattingPolicy = $3
		$3.PropertyBraceStyle = NextLine
		$3.PropertyGetBraceStyle = NextLine
		$3.PropertySetBraceStyle = NextLine
		$3.EventBraceStyle = NextLine
		$3.EventAddBraceStyle = NextLine
		$3.EventRemoveBraceStyle = NextLine
		$3.StatementBraceStyle = NextLine
		$3.ElseNewLinePlacement = NewLine
		$3.CatchNewLinePlacement = NewLine
		$3.FinallyNewLinePlacement = NewLine
		$3.AfterDelegateDeclarationParameterComma = True
		$3.inheritsSet = Mono
		$3.inheritsScope = text/x-csharp
		$3.scope = text/x-csharp
	EndGlobalSection
EndGlobal
